
Microsoft Visual Studio Solution File, Format Version 12.00
# Visual Studio 2012
Project("{FAE04EC0-301F-11D3-BF4B-00C04F79EFBC}") = "SportsStore.Domain", "SportsStore.Domain\SportsStore.Domain.csproj", "{0FC934E4-2DFB-43CF-9DE0-4B13A5442396}"
EndProject
Project("{FAE04EC0-301F-11D3-BF4B-00C04F79EFBC}") = "SportsStore.WebUI", "SportsStore.WebUI\SportsStore.WebUI.csproj", "{0A073E8E-2F39-48BB-A349-DB5E8F9F9279}"
EndProject
Project("{FAE04EC0-301F-11D3-BF4B-00C04F79EFBC}") = "SportsStore.UnitTests", "SportsStore.UnitTests\SportsStore.UnitTests.csproj", "{07A00A95-73BF-4A68-9F53-9710F97C9E5E}"
EndProject
Global
	GlobalSection(SolutionConfigurationPlatforms) = preSolution
		Debug|Any CPU = Debug|Any CPU
		Release|Any CPU = Release|Any CPU
	EndGlobalSection
	GlobalSection(ProjectConfigurationPlatforms) = postSolution
		{0FC934E4-2DFB-43CF-9DE0-4B13A5442396}.Debug|Any CPU.ActiveCfg = Debug|Any CPU
		{0FC934E4-2DFB-43CF-9DE0-4B13A5442396}.Debug|Any CPU.Build.0 = Debug|Any CPU
		{0FC934E4-2DFB-43CF-9DE0-4B13A5442396}.Release|Any CPU.ActiveCfg = Release|Any CPU
		{0FC934E4-2DFB-43CF-9DE0-4B13A5442396}.Release|Any CPU.Build.0 = Release|Any CPU
		{0A073E8E-2F39-48BB-A349-DB5E8F9F9279}.Debug|Any CPU.ActiveCfg = Debug|Any CPU
		{0A073E8E-2F39-48BB-A349-DB5E8F9F9279}.Debug|Any CPU.Build.0 = Debug|Any CPU
		{0A073E8E-2F39-48BB-A349-DB5E8F9F9279}.Release|Any CPU.ActiveCfg = Release|Any CPU
		{0A073E8E-2F39-48BB-A349-DB5E8F9F9279}.Release|Any CPU.Build.0 = Release|Any CPU
		{07A00A95-73BF-4A68-9F53-9710F97C9E5E}.Debug|Any CPU.ActiveCfg = Debug|Any CPU
		{07A00A95-73BF-4A68-9F53-9710F97C9E5E}.Debug|Any CPU.Build.0 = Debug|Any CPU
		{07A00A95-73BF-4A68-9F53-9710F97C9E5E}.Release|Any CPU.ActiveCfg = Release|Any CPU
		{07A00A95-73BF-4A68-9F53-9710F97C9E5E}.Release|Any CPU.Build.0 = Release|Any CPU
	EndGlobalSection
	GlobalSection(SolutionProperties) = preSolution
		HideSolutionNode = FALSE
	EndGlobalSection
EndGlobal
